
Microsoft Visual Studio Solution File, Format Version 12.00
# Visual Studio Version 16
VisualStudioVersion = 16.0.31321.278
MinimumVisualStudioVersion = 10.0.40219.1
Project("{9A19103F-16F7-4668-BE54-9A1E7A4F7556}") = "TheFipster.DysonSphere.Seed.Api", "api\TheFipster.DysonSphere.Seed.Api\TheFipster.DysonSphere.Seed.Api.csproj", "{A726D9EC-6F36-4230-B979-94D3FD88C4E2}"
EndProject
Project("{9A19103F-16F7-4668-BE54-9A1E7A4F7556}") = "TheFipster.DysonSphere.Seed.Domain", "core\TheFipster.DysonSphere.Seed.Domain\TheFipster.DysonSphere.Seed.Domain.csproj", "{AE5D4A87-0280-41A6-AD5B-69E1B45775E5}"
EndProject
Project("{9A19103F-16F7-4668-BE54-9A1E7A4F7556}") = "TheFipster.DysonSphere.Tools.Cli", "tools\TheFipster.DysonSphere.Tools.Cli\TheFipster.DysonSphere.Tools.Cli.csproj", "{9D60971A-F695-4B8E-A6BC-A750C26E880E}"
EndProject
Project("{E53339B2-1760-4266-BCC7-CA923CBCF16C}") = "docker-compose", "docker-compose.dcproj", "{EC56B3CF-D06E-48A6-872D-A75BB2E05D40}"
EndProject
Global
	GlobalSection(SolutionConfigurationPlatforms) = preSolution
		Debug|Any CPU = Debug|Any CPU
		Release|Any CPU = Release|Any CPU
	EndGlobalSection
	GlobalSection(ProjectConfigurationPlatforms) = postSolution
		{A726D9EC-6F36-4230-B979-94D3FD88C4E2}.Debug|Any CPU.ActiveCfg = Debug|Any CPU
		{A726D9EC-6F36-4230-B979-94D3FD88C4E2}.Debug|Any CPU.Build.0 = Debug|Any CPU
		{A726D9EC-6F36-4230-B979-94D3FD88C4E2}.Release|Any CPU.ActiveCfg = Release|Any CPU
		{A726D9EC-6F36-4230-B979-94D3FD88C4E2}.Release|Any CPU.Build.0 = Release|Any CPU
		{AE5D4A87-0280-41A6-AD5B-69E1B45775E5}.Debug|Any CPU.ActiveCfg = Debug|Any CPU
		{AE5D4A87-0280-41A6-AD5B-69E1B45775E5}.Debug|Any CPU.Build.0 = Debug|Any CPU
		{AE5D4A87-0280-41A6-AD5B-69E1B45775E5}.Release|Any CPU.ActiveCfg = Release|Any CPU
		{AE5D4A87-0280-41A6-AD5B-69E1B45775E5}.Release|Any CPU.Build.0 = Release|Any CPU
		{9D60971A-F695-4B8E-A6BC-A750C26E880E}.Debug|Any CPU.ActiveCfg = Debug|Any CPU
		{9D60971A-F695-4B8E-A6BC-A750C26E880E}.Debug|Any CPU.Build.0 = Debug|Any CPU
		{9D60971A-F695-4B8E-A6BC-A750C26E880E}.Release|Any CPU.ActiveCfg = Release|Any CPU
		{9D60971A-F695-4B8E-A6BC-A750C26E880E}.Release|Any CPU.Build.0 = Release|Any CPU
		{EC56B3CF-D06E-48A6-872D-A75BB2E05D40}.Debug|Any CPU.ActiveCfg = Debug|Any CPU
		{EC56B3CF-D06E-48A6-872D-A75BB2E05D40}.Debug|Any CPU.Build.0 = Debug|Any CPU
		{EC56B3CF-D06E-48A6-872D-A75BB2E05D40}.Release|Any CPU.ActiveCfg = Release|Any CPU
		{EC56B3CF-D06E-48A6-872D-A75BB2E05D40}.Release|Any CPU.Build.0 = Release|Any CPU
	EndGlobalSection
	GlobalSection(SolutionProperties) = preSolution
		HideSolutionNode = FALSE
	EndGlobalSection
	GlobalSection(ExtensibilityGlobals) = postSolution
		SolutionGuid = {E4240C85-FC79-46F3-964C-E00CF36E1D8B}
	EndGlobalSection
EndGlobal
